
Microsoft Visual Studio Solution File, Format Version 12.00
# Visual Studio Version 16
VisualStudioVersion = 16.0.30804.86
MinimumVisualStudioVersion = 10.0.40219.1
Project("{9A19103F-16F7-4668-BE54-9A1E7A4F7556}") = "MLTest", "MLTest\MLTest.csproj", "{F26CF98B-83D2-49F7-B090-CC9929078863}"
EndProject
Project("{9A19103F-16F7-4668-BE54-9A1E7A4F7556}") = "MLTestML.Model", "MLTestML.Model\MLTestML.Model.csproj", "{2264BBB1-8EEB-49C1-8D32-7FA1EB1AE96C}"
EndProject
Project("{9A19103F-16F7-4668-BE54-9A1E7A4F7556}") = "MLTestML.ConsoleApp", "MLTestML.ConsoleApp\MLTestML.ConsoleApp.csproj", "{5ABDAA02-B86F-48E9-B8F3-A1CDA2EF2767}"
EndProject
Global
	GlobalSection(SolutionConfigurationPlatforms) = preSolution
		Debug|Any CPU = Debug|Any CPU
		Release|Any CPU = Release|Any CPU
	EndGlobalSection
	GlobalSection(ProjectConfigurationPlatforms) = postSolution
		{F26CF98B-83D2-49F7-B090-CC9929078863}.Debug|Any CPU.ActiveCfg = Debug|Any CPU
		{F26CF98B-83D2-49F7-B090-CC9929078863}.Debug|Any CPU.Build.0 = Debug|Any CPU
		{F26CF98B-83D2-49F7-B090-CC9929078863}.Release|Any CPU.ActiveCfg = Release|Any CPU
		{F26CF98B-83D2-49F7-B090-CC9929078863}.Release|Any CPU.Build.0 = Release|Any CPU
		{2264BBB1-8EEB-49C1-8D32-7FA1EB1AE96C}.Debug|Any CPU.ActiveCfg = Debug|Any CPU
		{2264BBB1-8EEB-49C1-8D32-7FA1EB1AE96C}.Debug|Any CPU.Build.0 = Debug|Any CPU
		{2264BBB1-8EEB-49C1-8D32-7FA1EB1AE96C}.Release|Any CPU.ActiveCfg = Release|Any CPU
		{2264BBB1-8EEB-49C1-8D32-7FA1EB1AE96C}.Release|Any CPU.Build.0 = Release|Any CPU
		{5ABDAA02-B86F-48E9-B8F3-A1CDA2EF2767}.Debug|Any CPU.ActiveCfg = Debug|Any CPU
		{5ABDAA02-B86F-48E9-B8F3-A1CDA2EF2767}.Debug|Any CPU.Build.0 = Debug|Any CPU
		{5ABDAA02-B86F-48E9-B8F3-A1CDA2EF2767}.Release|Any CPU.ActiveCfg = Release|Any CPU
		{5ABDAA02-B86F-48E9-B8F3-A1CDA2EF2767}.Release|Any CPU.Build.0 = Release|Any CPU
	EndGlobalSection
	GlobalSection(SolutionProperties) = preSolution
		HideSolutionNode = FALSE
	EndGlobalSection
	GlobalSection(ExtensibilityGlobals) = postSolution
		SolutionGuid = {4036226F-83BF-4565-8B85-EFAC5ED82590}
	EndGlobalSection
EndGlobal
